{
  "entries": [
    {
      "digest_sha256": "dd5b2789aa022cff0515c2d8da56c72aefafa35d6bc26602cf045e687eca4b71",
      "identity": "npm:@tmustier/pi-usage-extension",
      "resolved": {
        "installed_version": "0.9.4",
        "kind": "npm",
        "name": "@tmustier/pi-usage-extension",
        "pinned": false,
        "requested_spec": "@tmustier/pi-usage-extension",
        "requested_version": null
      },
      "source": "npm:@tmustier/pi-usage-extension",
      "source_kind": "npm",
      "trust_state": "trusted"
    },
    {
      "digest_sha256": "31f122f80c1bbc1acbc17834f82bfb02697f5265437857b224f1fcb99d246156",
      "identity": "npm:@twogiants/pi-anthropic-vertex",
      "resolved": {
        "installed_version": "0.1.13",
        "kind": "npm",
        "name": "@twogiants/pi-anthropic-vertex",
        "pinned": false,
        "requested_spec": "@twogiants/pi-anthropic-vertex",
        "requested_version": null
      },
      "source": "npm:@twogiants/pi-anthropic-vertex",
      "source_kind": "npm",
      "trust_state": "trusted"
    },
    {
      "digest_sha256": "a958a903723417712795ea09f7cfe6901db37c81bf8901eda881acb139db5fab",
      "identity": "npm:@vanillagreen/pi-claude-bridge",
      "resolved": {
        "installed_version": "1.9.0",
        "kind": "npm",
        "name": "@vanillagreen/pi-claude-bridge",
        "pinned": false,
        "requested_spec": "@vanillagreen/pi-claude-bridge",
        "requested_version": null
      },
      "source": "npm:@vanillagreen/pi-claude-bridge",
      "source_kind": "npm",
      "trust_state": "trusted"
    },
    {
      "digest_sha256": "cb1a7b5ce746ffb7bc042f0ee321f98611119ceae281541f075f87bde30db8d9",
      "identity": "npm:pi-grok-cli",
      "resolved": {
        "installed_version": "0.6.0",
        "kind": "npm",
        "name": "pi-grok-cli",
        "pinned": false,
        "requested_spec": "pi-grok-cli",
        "requested_version": null
      },
      "source": "npm:pi-grok-cli",
      "source_kind": "npm",
      "trust_state": "trusted"
    },
    {
      "digest_sha256": "e1e4a4dadacae2b44ed6ca3d07c322522258e085fd768712f7aaf0e8ca7fe11e",
      "identity": "npm:pi-vim",
      "resolved": {
        "installed_version": "0.14.1",
        "kind": "npm",
        "name": "pi-vim",
        "pinned": false,
        "requested_spec": "pi-vim",
        "requested_version": null
      },
      "source": "npm:pi-vim",
      "source_kind": "npm",
      "trust_state": "trusted"
    }
  ],
  "schema": "pi.package_lock.v1"
}